[[package]]
category = "main"
description = "ASGI specs, helper code, and adapters"
name = "asgiref"
optional = false
python-versions = ">=3.5"
version = "3.2.10"

[package.extras]
tests = ["pytest", "pytest-asyncio"]

[[package]]
category = "dev"
description = "A abstract syntax tree for Python with inference support."
name = "astroid"
optional = false
python-versions = ">=2.7, !=3.0.*, !=3.1.*, !=3.2.*, !=3.3.*"
version = "1.6.6"

[package.dependencies]
lazy-object-proxy = "*"
six = "*"
wrapt = "*"

[[package]]
category = "dev"
description = "Cross-platform colored terminal text."
marker = "sys_platform == \"win32\""
name = "colorama"
optional = false
python-versions = ">=2.7, !=3.0.*, !=3.1.*, !=3.2.*, !=3.3.*, !=3.4.*"
version = "0.4.3"

[[package]]
category = "main"
description = "Use Database URLs in your Django Application."
name = "dj-database-url"
optional = false
python-versions = "*"
version = "0.5.0"

[[package]]
category = "main"
description = "A high-level Python Web framework that encourages rapid development and clean, pragmatic design."
name = "django"
optional = false
python-versions = ">=3.6"
version = "3.1.1"

[package.dependencies]
asgiref = ">=3.2.10,<3.3.0"
pytz = "*"
sqlparse = ">=0.2.2"

[package.extras]
argon2 = ["argon2-cffi (>=16.1.0)"]
bcrypt = ["bcrypt"]

[[package]]
category = "main"
description = "This is a Django library for Heroku apps."
name = "django-heroku"
optional = false
python-versions = "*"
version = "0.3.1"

[package.dependencies]
dj-database-url = ">=0.5.0"
django = "*"
psycopg2 = "*"
whitenoise = "*"

[[package]]
category = "main"
description = "Web APIs for Django, made easy."
name = "djangorestframework"
optional = false
python-versions = ">=3.5"
version = "3.11.1"

[package.dependencies]
django = ">=1.11"

[[package]]
category = "main"
description = "WSGI HTTP Server for UNIX"
name = "gunicorn"
optional = false
python-versions = ">=3.4"
version = "20.0.4"

[package.dependencies]
setuptools = ">=3.0"

[package.extras]
eventlet = ["eventlet (>=0.9.7)"]
gevent = ["gevent (>=0.13)"]
setproctitle = ["setproctitle"]
tornado = ["tornado (>=0.2)"]

[[package]]
category = "dev"
description = "A Python utility / library to sort Python imports."
name = "isort"
optional = false
python-versions = ">=3.6,<4.0"
version = "5.5.1"

[package.extras]
colors = ["colorama (>=0.4.3,<0.5.0)"]
pipfile_deprecated_finder = ["pipreqs", "requirementslib"]
requirements_deprecated_finder = ["pipreqs", "pip-api"]

[[package]]
category = "dev"
description = "A fast and thorough lazy object proxy."
name = "lazy-object-proxy"
optional = false
python-versions = ">=2.7, !=3.0.*, !=3.1.*, !=3.2.*, !=3.3.*, !=3.4.*"
version = "1.5.1"

[[package]]
category = "dev"
description = "McCabe checker, plugin for flake8"
name = "mccabe"
optional = false
python-versions = "*"
version = "0.6.1"

[[package]]
category = "main"
description = "psycopg2 - Python-PostgreSQL Database Adapter"
name = "psycopg2"
optional = false
python-versions = ">=2.7,!=3.0.*,!=3.1.*,!=3.2.*,!=3.3.*"
version = "2.8.6"

[[package]]
category = "dev"
description = "python code static checker"
name = "pylint"
optional = false
python-versions = ">=2.7, !=3.0.*, !=3.1.*, !=3.2.*, !=3.3.*"
version = "1.9.4"

[package.dependencies]
astroid = ">=1.6,<2.0"
colorama = "*"
isort = ">=4.2.5"
mccabe = "*"
six = "*"

[[package]]
category = "main"
description = "World timezone definitions, modern and historical"
name = "pytz"
optional = false
python-versions = "*"
version = "2020.1"

[[package]]
category = "dev"
description = "Python 2 and 3 compatibility utilities"
name = "six"
optional = false
python-versions = ">=2.7, !=3.0.*, !=3.1.*, !=3.2.*"
version = "1.15.0"

[[package]]
category = "main"
description = "Non-validating SQL parser"
name = "sqlparse"
optional = false
python-versions = ">=2.7, !=3.0.*, !=3.1.*, !=3.2.*, !=3.3.*"
version = "0.3.1"

[[package]]
category = "main"
description = "Radically simplified static file serving for WSGI applications"
name = "whitenoise"
optional = false
python-versions = ">=3.5, <4"
version = "5.2.0"

[package.extras]
brotli = ["brotli"]

[[package]]
category = "dev"
description = "Module for decorators, wrappers and monkey patching."
name = "wrapt"
optional = false
python-versions = "*"
version = "1.12.1"

[metadata]
content-hash = "1a6047bab4a402e9afabcac4bda35360c216ad9fba257b76be78143ba9e4aed9"
lock-version = "1.0"
python-versions = "^3.8"

[metadata.files]
asgiref = [
    {file = "asgiref-3.2.10-py3-none-any.whl", hash = "sha256:9fc6fb5d39b8af147ba40765234fa822b39818b12cc80b35ad9b0cef3a476aed"},
    {file = "asgiref-3.2.10.tar.gz", hash = "sha256:7e51911ee147dd685c3c8b805c0ad0cb58d360987b56953878f8c06d2d1c6f1a"},
]
astroid = [
    {file = "astroid-1.6.6-py2.py3-none-any.whl", hash = "sha256:87de48a92e29cedf7210ffa853d11441e7ad94cb47bacd91b023499b51cbc756"},
    {file = "astroid-1.6.6.tar.gz", hash = "sha256:d25869fc7f44f1d9fb7d24fd7ea0639656f5355fc3089cd1f3d18c6ec6b124c7"},
]
colorama = [
    {file = "colorama-0.4.3-py2.py3-none-any.whl", hash = "sha256:7d73d2a99753107a36ac6b455ee49046802e59d9d076ef8e47b61499fa29afff"},
    {file = "colorama-0.4.3.tar.gz", hash = "sha256:e96da0d330793e2cb9485e9ddfd918d456036c7149416295932478192f4436a1"},
]
dj-database-url = [
    {file = "dj-database-url-0.5.0.tar.gz", hash = "sha256:4aeaeb1f573c74835b0686a2b46b85990571159ffc21aa57ecd4d1e1cb334163"},
    {file = "dj_database_url-0.5.0-py2.py3-none-any.whl", hash = "sha256:851785365761ebe4994a921b433062309eb882fedd318e1b0fcecc607ed02da9"},
]
django = [
    {file = "Django-3.1.1-py3-none-any.whl", hash = "sha256:b5fbb818e751f660fa2d576d9f40c34a4c615c8b48dd383f5216e609f383371f"},
    {file = "Django-3.1.1.tar.gz", hash = "sha256:59c8125ca873ed3bdae9c12b146fbbd6ed8d0f743e4cf5f5817af50c51f1fc2f"},
]
django-heroku = [
    {file = "django-heroku-0.3.1.tar.gz", hash = "sha256:6af4bc3ae4a9b55eaad6dbe5164918982d2762661aebc9f83d9fa49f6009514e"},
    {file = "django_heroku-0.3.1-py2.py3-none-any.whl", hash = "sha256:2bc690aab89eedbe01311752320a9a12e7548e3b0ed102681acc5736a41a4762"},
]
djangorestframework = [
    {file = "djangorestframework-3.11.1-py3-none-any.whl", hash = "sha256:8b1ac62c581dbc5799b03e535854b92fc4053ecfe74bad3f9c05782063d4196b"},
    {file = "djangorestframework-3.11.1.tar.gz", hash = "sha256:6dd02d5a4bd2516fb93f80360673bf540c3b6641fec8766b1da2870a5aa00b32"},
]
gunicorn = [
    {file = "gunicorn-20.0.4-py2.py3-none-any.whl", hash = "sha256:cd4a810dd51bf497552cf3f863b575dabd73d6ad6a91075b65936b151cbf4f9c"},
    {file = "gunicorn-20.0.4.tar.gz", hash = "sha256:1904bb2b8a43658807108d59c3f3d56c2b6121a701161de0ddf9ad140073c626"},
]
isort = [
    {file = "isort-5.5.1-py3-none-any.whl", hash = "sha256:a200d47b7ee8b7f7d0a9646650160c4a51b6a91a9413fd31b1da2c4de789f5d3"},
    {file = "isort-5.5.1.tar.gz", hash = "sha256:92533892058de0306e51c88f22ece002a209dc8e80288aa3cec6d443060d584f"},
]
lazy-object-proxy = [
    {file = "lazy-object-proxy-1.5.1.tar.gz", hash = "sha256:9723364577b79ad9958a68851fe2acb94da6fd25170c595516a8289e6a129043"},
    {file = "lazy_object_proxy-1.5.1-cp27-cp27m-macosx_10_14_x86_64.whl", hash = "sha256:92cedd6e26712505adb1c17fab64651a498cc0102a80ba562ff4a2451088f57a"},
    {file = "lazy_object_proxy-1.5.1-cp27-cp27m-win32.whl", hash = "sha256:ef355fb3802e0fc5a71dadb65a3c317bfc9bdf567d357f8e0b1900b432ffe486"},
    {file = "lazy_object_proxy-1.5.1-cp27-cp27m-win_amd64.whl", hash = "sha256:3e8698dc384857413580012f4ca322d89e63ef20fc3d4635a5b606d6d4b61f6a"},
    {file = "lazy_object_proxy-1.5.1-cp27-cp27mu-manylinux1_x86_64.whl", hash = "sha256:edbcb4c5efabd93ede05b272296a5a78a67e9b6e82ba7f51a07b8103db06ce01"},
    {file = "lazy_object_proxy-1.5.1-cp35-cp35m-manylinux1_x86_64.whl", hash = "sha256:33da47ba3a581860ddd3d38c950a5fe950ca389f7123edd0d6ab0bc473499fe7"},
    {file = "lazy_object_proxy-1.5.1-cp35-cp35m-manylinux2014_aarch64.whl", hash = "sha256:c697bd1b333b3e6abdff04ef9f5fb4b1936633d9cc4e28d90606705c9083254c"},
    {file = "lazy_object_proxy-1.5.1-cp35-cp35m-win32.whl", hash = "sha256:8133b63b05f12751cddd8e3e7f02ba39dc7cfa7d2ba99d80d7436f0ba26d6b75"},
    {file = "lazy_object_proxy-1.5.1-cp35-cp35m-win_amd64.whl", hash = "sha256:30ef2068f4f94660144515380ef04b93d15add2214eab8be4cd46ebc900d681c"},
    {file = "lazy_object_proxy-1.5.1-cp36-cp36m-manylinux1_x86_64.whl", hash = "sha256:042b54fd71c2092e6d10e5e66fa60f65c5954f8145e809f5d9f394c9b13d32ee"},
    {file = "lazy_object_proxy-1.5.1-cp36-cp36m-manylinux2014_aarch64.whl", hash = "sha256:db2df3eff7ed3e6813638686f1bb5934d1a0662d9d3b4196b5164a86be3a1e8f"},
    {file = "lazy_object_proxy-1.5.1-cp36-cp36m-win32.whl", hash = "sha256:4fdd7113fc5143c72dacf415079eec42fcbe69cc9d3d291b4ca742e3a9455807"},
    {file = "lazy_object_proxy-1.5.1-cp36-cp36m-win_amd64.whl", hash = "sha256:11f87dc06eb5f376cc6d5f0c19a1b4dca202035622777c4ce8e5b72c87b035d6"},
    {file = "lazy_object_proxy-1.5.1-cp37-cp37m-manylinux1_x86_64.whl", hash = "sha256:22c1935c6f8e3d6ea2e169eb03928adbdb8a2251d2890f8689368d65e70aa176"},
    {file = "lazy_object_proxy-1.5.1-cp37-cp37m-manylinux2014_aarch64.whl", hash = "sha256:19ae6f6511a02008ef3554e158c41bb2a8e5c8455935b98d6da076d9f152fd7c"},
    {file = "lazy_object_proxy-1.5.1-cp37-cp37m-win32.whl", hash = "sha256:8d82e27cbbea6edb8821751806f39f5dcfd7b46a5e23d27b98d6d8c8ec751df8"},
    {file = "lazy_object_proxy-1.5.1-cp37-cp37m-win_amd64.whl", hash = "sha256:c484020ad26973a14a7cb1e1d2e0bfe97cf6803273ae9bd154e0213cc74bad49"},
    {file = "lazy_object_proxy-1.5.1-cp38-cp38-macosx_10_14_x86_64.whl", hash = "sha256:fe2f61fed5817bf8db01d9a72309ed5990c478a077e9585b58740c26774bce39"},
    {file = "lazy_object_proxy-1.5.1-cp38-cp38-manylinux1_x86_64.whl", hash = "sha256:63b6d9a5077d54db271fcc6772440f7380ec3fa559d0e2497dbfae2f47c2c814"},
    {file = "lazy_object_proxy-1.5.1-cp38-cp38-manylinux2014_aarch64.whl", hash = "sha256:d0f7e14ff3424639d33e6bc449e77e4b345e52c21bbd6f6004a1d219196e2664"},
    {file = "lazy_object_proxy-1.5.1-cp38-cp38-win32.whl", hash = "sha256:89b8e5780e49753e2b4cd5aab45d3df092ddcbba3de2c4d4492a029588fe1758"},
    {file = "lazy_object_proxy-1.5.1-cp38-cp38-win_amd64.whl", hash = "sha256:00b78a97a79d0dfefa584d44dd1aba9668d3de7ec82335ba0ff51d53ef107143"},
]
mccabe = [
    {file = "mccabe-0.6.1-py2.py3-none-any.whl", hash = "sha256:ab8a6258860da4b6677da4bd2fe5dc2c659cff31b3ee4f7f5d64e79735b80d42"},
    {file = "mccabe-0.6.1.tar.gz", hash = "sha256:dd8d182285a0fe56bace7f45b5e7d1a6ebcbf524e8f3bd87eb0f125271b8831f"},
]
psycopg2 = [
    {file = "psycopg2-2.8.6-cp27-cp27m-win32.whl", hash = "sha256:068115e13c70dc5982dfc00c5d70437fe37c014c808acce119b5448361c03725"},
    {file = "psycopg2-2.8.6-cp27-cp27m-win_amd64.whl", hash = "sha256:d160744652e81c80627a909a0e808f3c6653a40af435744de037e3172cf277f5"},
    {file = "psycopg2-2.8.6-cp34-cp34m-win32.whl", hash = "sha256:b8cae8b2f022efa1f011cc753adb9cbadfa5a184431d09b273fb49b4167561ad"},
    {file = "psycopg2-2.8.6-cp34-cp34m-win_amd64.whl", hash = "sha256:f22ea9b67aea4f4a1718300908a2fb62b3e4276cf00bd829a97ab5894af42ea3"},
    {file = "psycopg2-2.8.6-cp35-cp35m-win32.whl", hash = "sha256:26e7fd115a6db75267b325de0fba089b911a4a12ebd3d0b5e7acb7028bc46821"},
    {file = "psycopg2-2.8.6-cp35-cp35m-win_amd64.whl", hash = "sha256:00195b5f6832dbf2876b8bf77f12bdce648224c89c880719c745b90515233301"},
    {file = "psycopg2-2.8.6-cp36-cp36m-win32.whl", hash = "sha256:a49833abfdede8985ba3f3ec641f771cca215479f41523e99dace96d5b8cce2a"},
    {file = "psycopg2-2.8.6-cp36-cp36m-win_amd64.whl", hash = "sha256:f974c96fca34ae9e4f49839ba6b78addf0346777b46c4da27a7bf54f48d3057d"},
    {file = "psycopg2-2.8.6-cp37-cp37m-win32.whl", hash = "sha256:6a3d9efb6f36f1fe6aa8dbb5af55e067db802502c55a9defa47c5a1dad41df84"},
    {file = "psycopg2-2.8.6-cp37-cp37m-win_amd64.whl", hash = "sha256:56fee7f818d032f802b8eed81ef0c1232b8b42390df189cab9cfa87573fe52c5"},
    {file = "psycopg2-2.8.6-cp38-cp38-win32.whl", hash = "sha256:ad2fe8a37be669082e61fb001c185ffb58867fdbb3e7a6b0b0d2ffe232353a3e"},
    {file = "psycopg2-2.8.6-cp38-cp38-win_amd64.whl", hash = "sha256:56007a226b8e95aa980ada7abdea6b40b75ce62a433bd27cec7a8178d57f4051"},
    {file = "psycopg2-2.8.6.tar.gz", hash = "sha256:fb23f6c71107c37fd667cb4ea363ddeb936b348bbd6449278eb92c189699f543"},
]
pylint = [
    {file = "pylint-1.9.4-py2.py3-none-any.whl", hash = "sha256:02c2b6d268695a8b64ad61847f92e611e6afcff33fd26c3a2125370c4662905d"},
    {file = "pylint-1.9.4.tar.gz", hash = "sha256:ee1e85575587c5b58ddafa25e1c1b01691ef172e139fc25585e5d3f02451da93"},
]
pytz = [
    {file = "pytz-2020.1-py2.py3-none-any.whl", hash = "sha256:a494d53b6d39c3c6e44c3bec237336e14305e4f29bbf800b599253057fbb79ed"},
    {file = "pytz-2020.1.tar.gz", hash = "sha256:c35965d010ce31b23eeb663ed3cc8c906275d6be1a34393a1d73a41febf4a048"},
]
six = [
    {file = "six-1.15.0-py2.py3-none-any.whl", hash = "sha256:8b74bedcbbbaca38ff6d7491d76f2b06b3592611af620f8426e82dddb04a5ced"},
    {file = "six-1.15.0.tar.gz", hash = "sha256:30639c035cdb23534cd4aa2dd52c3bf48f06e5f4a941509c8bafd8ce11080259"},
]
sqlparse = [
    {file = "sqlparse-0.3.1-py2.py3-none-any.whl", hash = "sha256:022fb9c87b524d1f7862b3037e541f68597a730a8843245c349fc93e1643dc4e"},
    {file = "sqlparse-0.3.1.tar.gz", hash = "sha256:e162203737712307dfe78860cc56c8da8a852ab2ee33750e33aeadf38d12c548"},
]
whitenoise = [
    {file = "whitenoise-5.2.0-py2.py3-none-any.whl", hash = "sha256:05d00198c777028d72d8b0bbd234db605ef6d60e9410125124002518a48e515d"},
    {file = "whitenoise-5.2.0.tar.gz", hash = "sha256:05ce0be39ad85740a78750c86a93485c40f08ad8c62a6006de0233765996e5c7"},
]
wrapt = [
    {file = "wrapt-1.12.1.tar.gz", hash = "sha256:b62ffa81fb85f4332a4f609cab4ac40709470da05643a082ec1eb88e6d9b97d7"},
]
